
Microsoft Visual Studio Solution File, Format Version 11.00
# Visual Studio 2010
Project("{FAE04EC0-301F-11D3-BF4B-00C04F79EFBC}") = "Password Generator", "Password Generator\Password Generator.csproj", "{C561F0B8-1728-418B-9C9F-72A3CFFAF638}"
EndProject
Global
	GlobalSection(SolutionConfigurationPlatforms) = preSolution
		Debug|x86 = Debug|x86
		Release|x86 = Release|x86
	EndGlobalSection
	GlobalSection(ProjectConfigurationPlatforms) = postSolution
		{C561F0B8-1728-418B-9C9F-72A3CFFAF638}.Debug|x86.ActiveCfg = Debug|x86
		{C561F0B8-1728-418B-9C9F-72A3CFFAF638}.Debug|x86.Build.0 = Debug|x86
		{C561F0B8-1728-418B-9C9F-72A3CFFAF638}.Release|x86.ActiveCfg = Release|x86
		{C561F0B8-1728-418B-9C9F-72A3CFFAF638}.Release|x86.Build.0 = Release|x86
	EndGlobalSection
	GlobalSection(SolutionProperties) = preSolution
		HideSolutionNode = FALSE
	EndGlobalSection
EndGlobal
